
Microsoft Visual Studio Solution File, Format Version 12.00
# Visual Studio Version 17
VisualStudioVersion = 17.2.32616.157
MinimumVisualStudioVersion = 10.0.40219.1
Project("{8BC9CEB8-8B4A-11D0-8D11-00A0C91BC942}") = "09.09.2022 Делегирование конструкторов", "09.09.2022 Делегирование конструкторов.vcxproj", "{488E9731-3619-407F-A800-FDC2C0CB48BD}"
EndProject
Global
	GlobalSection(SolutionConfigurationPlatforms) = preSolution
		Debug|x64 = Debug|x64
		Debug|x86 = Debug|x86
		Release|x64 = Release|x64
		Release|x86 = Release|x86
	EndGlobalSection
	GlobalSection(ProjectConfigurationPlatforms) = postSolution
		{488E9731-3619-407F-A800-FDC2C0CB48BD}.Debug|x64.ActiveCfg = Debug|x64
		{488E9731-3619-407F-A800-FDC2C0CB48BD}.Debug|x64.Build.0 = Debug|x64
		{488E9731-3619-407F-A800-FDC2C0CB48BD}.Debug|x86.ActiveCfg = Debug|Win32
		{488E9731-3619-407F-A800-FDC2C0CB48BD}.Debug|x86.Build.0 = Debug|Win32
		{488E9731-3619-407F-A800-FDC2C0CB48BD}.Release|x64.ActiveCfg = Release|x64
		{488E9731-3619-407F-A800-FDC2C0CB48BD}.Release|x64.Build.0 = Release|x64
		{488E9731-3619-407F-A800-FDC2C0CB48BD}.Release|x86.ActiveCfg = Release|Win32
		{488E9731-3619-407F-A800-FDC2C0CB48BD}.Release|x86.Build.0 = Release|Win32
	EndGlobalSection
	GlobalSection(SolutionProperties) = preSolution
		HideSolutionNode = FALSE
	EndGlobalSection
	GlobalSection(ExtensibilityGlobals) = postSolution
		SolutionGuid = {B11FD4A9-0C08-4BFA-B410-7D8581A128F1}
	EndGlobalSection
EndGlobal
